# This file is automatically @generated by Cargo.
# It is not intended for manual editing.
version = 4

[[package]]
name = "repo-A"
version = "0.1.0"
source = "git+https://github.com/rustlang-issue-14740/repo-A#526db5d1edb28d613b077fd5bc35b7b4c8e8c29f"

[[package]]
name = "repo-B"
version = "0.1.0"
dependencies = [
 "repo-A",
]
